
Microsoft Visual Studio Solution File, Format Version 12.00
# Visual Studio Version 17
VisualStudioVersion = 17.0.31903.59
MinimumVisualStudioVersion = 10.0.40219.1
Project("{FAE04EC0-301F-11D3-BF4B-00C04F79EFBC}") = "supplementProj2", "supplementProj2\supplementProj2.csproj", "{245EBAB0-303C-4FDA-8D8E-B3361A6B106A}"
EndProject
Project("{FAE04EC0-301F-11D3-BF4B-00C04F79EFBC}") = "supplementProj2.Tests", "supplementProj2.Tests\supplementProj2.Tests.csproj", "{44B5EB9A-21B9-446E-B17C-CA7290DDC1F0}"
EndProject
Global
	GlobalSection(SolutionConfigurationPlatforms) = preSolution
		Debug|Any CPU = Debug|Any CPU
		Release|Any CPU = Release|Any CPU
	EndGlobalSection
	GlobalSection(SolutionProperties) = preSolution
		HideSolutionNode = FALSE
	EndGlobalSection
	GlobalSection(ProjectConfigurationPlatforms) = postSolution
		{245EBAB0-303C-4FDA-8D8E-B3361A6B106A}.Debug|Any CPU.ActiveCfg = Debug|Any CPU
		{245EBAB0-303C-4FDA-8D8E-B3361A6B106A}.Debug|Any CPU.Build.0 = Debug|Any CPU
		{245EBAB0-303C-4FDA-8D8E-B3361A6B106A}.Release|Any CPU.ActiveCfg = Release|Any CPU
		{245EBAB0-303C-4FDA-8D8E-B3361A6B106A}.Release|Any CPU.Build.0 = Release|Any CPU
		{44B5EB9A-21B9-446E-B17C-CA7290DDC1F0}.Debug|Any CPU.ActiveCfg = Debug|Any CPU
		{44B5EB9A-21B9-446E-B17C-CA7290DDC1F0}.Debug|Any CPU.Build.0 = Debug|Any CPU
		{44B5EB9A-21B9-446E-B17C-CA7290DDC1F0}.Release|Any CPU.ActiveCfg = Release|Any CPU
		{44B5EB9A-21B9-446E-B17C-CA7290DDC1F0}.Release|Any CPU.Build.0 = Release|Any CPU
	EndGlobalSection
EndGlobal
